
Microsoft Visual Studio Solution File, Format Version 12.00
# Visual Studio Version 17
VisualStudioVersion = 17.4.33213.308
MinimumVisualStudioVersion = 10.0.40219.1
Project("{FAE04EC0-301F-11D3-BF4B-00C04F79EFBC}") = "modul6_1302210032", "modul6_1302210032\modul6_1302210032.csproj", "{5D1B764D-4915-4A21-9110-CEEE9B420DFE}"
EndProject
Global
	GlobalSection(SolutionConfigurationPlatforms) = preSolution
		Debug|Any CPU = Debug|Any CPU
		Release|Any CPU = Release|Any CPU
	EndGlobalSection
	GlobalSection(ProjectConfigurationPlatforms) = postSolution
		{5D1B764D-4915-4A21-9110-CEEE9B420DFE}.Debug|Any CPU.ActiveCfg = Debug|Any CPU
		{5D1B764D-4915-4A21-9110-CEEE9B420DFE}.Debug|Any CPU.Build.0 = Debug|Any CPU
		{5D1B764D-4915-4A21-9110-CEEE9B420DFE}.Release|Any CPU.ActiveCfg = Release|Any CPU
		{5D1B764D-4915-4A21-9110-CEEE9B420DFE}.Release|Any CPU.Build.0 = Release|Any CPU
	EndGlobalSection
	GlobalSection(SolutionProperties) = preSolution
		HideSolutionNode = FALSE
	EndGlobalSection
	GlobalSection(ExtensibilityGlobals) = postSolution
		SolutionGuid = {2520E1C4-F640-460B-AB0C-8BB729545C2E}
	EndGlobalSection
EndGlobal
